{
    "name": "node-red-project",
    "version": "0.0.1",
    "lockfileVersion": 3,
    "requires": true,
    "packages": {
        "": {
            "name": "node-red-project",
            "version": "0.0.1",
            "dependencies": {
                "node-red-node-ping": "~0.3.3"
            }
        },
        "node_modules/node-red-node-ping": {
            "version": "0.3.3",
            "resolved": "https://registry.npmjs.org/node-red-node-ping/-/node-red-node-ping-0.3.3.tgz",
            "integrity": "sha512-heetQpyTegDqwt/smfUWwk26nYCnnKIAj9yS6RmEsVlfv1z34yH1e5vyQdpS+VSZOp7V/qo8IOmfqwFybeSJ2w=="
        }
    }
}
